
Microsoft Visual Studio Solution File, Format Version 12.00
# Visual Studio Version 17
VisualStudioVersion = 17.3.32929.385
MinimumVisualStudioVersion = 10.0.40219.1
Project("{FAE04EC0-301F-11D3-BF4B-00C04F79EFBC}") = "Karar Yapıları", "Karar Yapıları\Karar Yapıları.csproj", "{834C1D6E-2330-4A26-B6D8-B830C1EF6E57}"
EndProject
Global
	GlobalSection(SolutionConfigurationPlatforms) = preSolution
		Debug|Any CPU = Debug|Any CPU
		Release|Any CPU = Release|Any CPU
	EndGlobalSection
	GlobalSection(ProjectConfigurationPlatforms) = postSolution
		{834C1D6E-2330-4A26-B6D8-B830C1EF6E57}.Debug|Any CPU.ActiveCfg = Debug|Any CPU
		{834C1D6E-2330-4A26-B6D8-B830C1EF6E57}.Debug|Any CPU.Build.0 = Debug|Any CPU
		{834C1D6E-2330-4A26-B6D8-B830C1EF6E57}.Release|Any CPU.ActiveCfg = Release|Any CPU
		{834C1D6E-2330-4A26-B6D8-B830C1EF6E57}.Release|Any CPU.Build.0 = Release|Any CPU
	EndGlobalSection
	GlobalSection(SolutionProperties) = preSolution
		HideSolutionNode = FALSE
	EndGlobalSection
	GlobalSection(ExtensibilityGlobals) = postSolution
		SolutionGuid = {A302534C-2055-4DD8-8184-F83E8D4ADDE0}
	EndGlobalSection
EndGlobal
